Microsoft Visual Studio Solution File, Format Version 12.00
# Visual Studio Version 17
VisualStudioVersion = 17.5.2.0
MinimumVisualStudioVersion = 10.0.40219.1
Project("{FAE04EC0-301F-11D3-BF4B-00C04F79EFBC}") = "Task4PC", "Task4PC.csproj", "{7E4AF02A-9AA1-A766-6339-BB7A3D8B8150}"
EndProject
Global
	GlobalSection(SolutionConfigurationPlatforms) = preSolution
		Debug|Any CPU = Debug|Any CPU
		Release|Any CPU = Release|Any CPU
	EndGlobalSection
	GlobalSection(ProjectConfigurationPlatforms) = postSolution
		{7E4AF02A-9AA1-A766-6339-BB7A3D8B8150}.Debug|Any CPU.ActiveCfg = Debug|Any CPU
		{7E4AF02A-9AA1-A766-6339-BB7A3D8B8150}.Debug|Any CPU.Build.0 = Debug|Any CPU
		{7E4AF02A-9AA1-A766-6339-BB7A3D8B8150}.Release|Any CPU.ActiveCfg = Release|Any CPU
		{7E4AF02A-9AA1-A766-6339-BB7A3D8B8150}.Release|Any CPU.Build.0 = Release|Any CPU
	EndGlobalSection
	GlobalSection(SolutionProperties) = preSolution
		HideSolutionNode = FALSE
	EndGlobalSection
	GlobalSection(ExtensibilityGlobals) = postSolution
		SolutionGuid = {17C3A6BF-16FC-4986-927E-29FA7D8974F6}
	EndGlobalSection
EndGlobal
