Microsoft Visual Studio Solution File, Format Version 12.00
# Visual Studio Version 17
VisualStudioVersion = 17.5.2.0
MinimumVisualStudioVersion = 10.0.40219.1
Project("{FAE04EC0-301F-11D3-BF4B-00C04F79EFBC}") = "Task_2.2", "Task_2.2.csproj", "{39E9D4C6-35E9-23EA-3F2B-83980D230598}"
EndProject
Global
	GlobalSection(SolutionConfigurationPlatforms) = preSolution
		Debug|Any CPU = Debug|Any CPU
		Release|Any CPU = Release|Any CPU
	EndGlobalSection
	GlobalSection(ProjectConfigurationPlatforms) = postSolution
		{39E9D4C6-35E9-23EA-3F2B-83980D230598}.Debug|Any CPU.ActiveCfg = Debug|Any CPU
		{39E9D4C6-35E9-23EA-3F2B-83980D230598}.Debug|Any CPU.Build.0 = Debug|Any CPU
		{39E9D4C6-35E9-23EA-3F2B-83980D230598}.Release|Any CPU.ActiveCfg = Release|Any CPU
		{39E9D4C6-35E9-23EA-3F2B-83980D230598}.Release|Any CPU.Build.0 = Release|Any CPU
	EndGlobalSection
	GlobalSection(SolutionProperties) = preSolution
		HideSolutionNode = FALSE
	EndGlobalSection
	GlobalSection(ExtensibilityGlobals) = postSolution
		SolutionGuid = {D5F61D99-D7AC-405F-BA26-7BA74495C1B9}
	EndGlobalSection
EndGlobal
