Microsoft Visual Studio Solution File, Format Version 12.00
# Visual Studio Version 17
VisualStudioVersion = 17.5.2.0
MinimumVisualStudioVersion = 10.0.40219.1
Project("{FAE04EC0-301F-11D3-BF4B-00C04F79EFBC}") = "Task_3_1", "Task_3_1\Task_3_1.csproj", "{0743AC8B-EC9B-3920-6A6F-CE7BD80597B5}"
EndProject

Project("{FAE04EC0-301F-11D3-BF4B-00C04F79EFBC}") = "Task_3_1.Tests", "Task_3_1.Tests\Task_3_1.Tests.csproj", "{ACFA7A44-D274-438E-984E-5C672FF5126E}"
EndProject
Global
	GlobalSection(SolutionConfigurationPlatforms) = preSolution
		Debug|Any CPU = Debug|Any CPU
		Release|Any CPU = Release|Any CPU
	EndGlobalSection
	GlobalSection(ProjectConfigurationPlatforms) = postSolution
		{0743AC8B-EC9B-3920-6A6F-CE7BD80597B5}.Debug|Any CPU.ActiveCfg = Debug|Any CPU
		{0743AC8B-EC9B-3920-6A6F-CE7BD80597B5}.Debug|Any CPU.Build.0 = Debug|Any CPU
		{0743AC8B-EC9B-3920-6A6F-CE7BD80597B5}.Release|Any CPU.ActiveCfg = Release|Any CPU
		{0743AC8B-EC9B-3920-6A6F-CE7BD80597B5}.Release|Any CPU.Build.0 = Release|Any CPU
		{B05CA1C3-8707-43CD-936C-3C6831C2C7B4}.Debug|Any CPU.ActiveCfg = Debug|Any CPU
		{B05CA1C3-8707-43CD-936C-3C6831C2C7B4}.Debug|Any CPU.Build.0 = Debug|Any CPU
		{B05CA1C3-8707-43CD-936C-3C6831C2C7B4}.Release|Any CPU.ActiveCfg = Release|Any CPU
		{B05CA1C3-8707-43CD-936C-3C6831C2C7B4}.Release|Any CPU.Build.0 = Release|Any CPU
		{ACFA7A44-D274-438E-984E-5C672FF5126E}.Debug|Any CPU.ActiveCfg = Debug|Any CPU
		{ACFA7A44-D274-438E-984E-5C672FF5126E}.Debug|Any CPU.Build.0 = Debug|Any CPU
		{ACFA7A44-D274-438E-984E-5C672FF5126E}.Release|Any CPU.ActiveCfg = Release|Any CPU
		{ACFA7A44-D274-438E-984E-5C672FF5126E}.Release|Any CPU.Build.0 = Release|Any CPU
	EndGlobalSection
	GlobalSection(SolutionProperties) = preSolution
		HideSolutionNode = FALSE
	EndGlobalSection
	GlobalSection(ExtensibilityGlobals) = postSolution
		SolutionGuid = {A3C5005A-9AC1-4EAE-B8A6-2935E5697BC6}
	EndGlobalSection
EndGlobal
