Microsoft Visual Studio Solution File, Format Version 12.00
# Visual Studio Version 17
VisualStudioVersion = 17.5.2.0
MinimumVisualStudioVersion = 10.0.40219.1
Project("{FAE04EC0-301F-11D3-BF4B-00C04F79EFBC}") = "Microsoft unit 5", "Microsoft unit 5.csproj", "{3979D9B4-0509-8E8B-CF8D-5D0998881353}"
EndProject
Global
	GlobalSection(SolutionConfigurationPlatforms) = preSolution
		Debug|Any CPU = Debug|Any CPU
		Release|Any CPU = Release|Any CPU
	EndGlobalSection
	GlobalSection(ProjectConfigurationPlatforms) = postSolution
		{3979D9B4-0509-8E8B-CF8D-5D0998881353}.Debug|Any CPU.ActiveCfg = Debug|Any CPU
		{3979D9B4-0509-8E8B-CF8D-5D0998881353}.Debug|Any CPU.Build.0 = Debug|Any CPU
		{3979D9B4-0509-8E8B-CF8D-5D0998881353}.Release|Any CPU.ActiveCfg = Release|Any CPU
		{3979D9B4-0509-8E8B-CF8D-5D0998881353}.Release|Any CPU.Build.0 = Release|Any CPU
	EndGlobalSection
	GlobalSection(SolutionProperties) = preSolution
		HideSolutionNode = FALSE
	EndGlobalSection
	GlobalSection(ExtensibilityGlobals) = postSolution
		SolutionGuid = {44983A90-B2E7-4F71-8588-61953F128640}
	EndGlobalSection
EndGlobal
